<?xml version="1.0" encoding="utf-8"?>
<Project ToolsVersion="4.0" xmlns="http://schemas.microsoft.com/developer/msbuild/2003">
  <ItemGroup>
    <Filter Include="engine">
      <UniqueIdentifier>{3d200a5b-9f55-4c67-8889-cf68686b5fea}</UniqueIdentifier>
    </Filter>
    <Filter Include="game">
      <UniqueIdentifier>{93995380-89BD-4b04-88EB-625FBE52EBFB}</UniqueIdentifier>
      <Extensions>h;hh;hpp;hxx;h++;hm;inl;inc;ipp;xsd</Extensions>
    </Filter>
    <Filter Include="imform">
      <UniqueIdentifier>{4FC737F1-C7A5-4376-A066-2A32D752A2FF}</UniqueIdentifier>
      <Extensions>cpp;c;cc;cxx;c++;cppm;ixx;def;odl;idl;hpj;bat;asm;asmx</Extensions>
    </Filter>
    <Filter Include="samples">
      <UniqueIdentifier>{67DA6AB6-F800-4c08-8B7A-83BB121AAD01}</UniqueIdentifier>
      <Extensions>rc;ico;cur;bmp;dlg;rc2;rct;bin;rgs;gif;jpg;jpeg;jpe;resx;tiff;tif;png;wav;mfcribbon-ms</Extensions>
    </Filter>
    <Filter Include="utility">
      <UniqueIdentifier>{17c51514-856f-44f6-b55f-c13e3747afbf}</UniqueIdentifier>
    </Filter>
    <Filter Include="game\scene">
      <UniqueIdentifier>{e5ef2c7e-c8e7-422f-b8b6-43a5c0c3b484}</UniqueIdentifier>
    </Filter>
    <Filter Include="samples\tmxmap">
      <UniqueIdentifier>{709ad799-3223-4f31-b759-b47366378464}</UniqueIdentifier>
    </Filter>
    <Filter Include="gui">
      <UniqueIdentifier>{b3a293d9-5944-4f62-9e4c-964650f911b4}</UniqueIdentifier>
    </Filter>
    <Filter Include="game\ui">
      <UniqueIdentifier>{39b09be4-d9d3-47e6-9f9e-4fc2ac3b54f6}</UniqueIdentifier>
    </Filter>
    <Filter Include="tilemap">
      <UniqueIdentifier>{9b8668eb-9786-47b8-b453-af40b69fab3b}</UniqueIdentifier>
    </Filter>
    <Filter Include="bevtree">
      <UniqueIdentifier>{1893aeb6-3c03-4a05-92d1-938116d37447}</UniqueIdentifier>
    </Filter>
    <Filter Include="particle">
      <UniqueIdentifier>{779b5e2b-2268-4887-99d1-27b77a8a171d}</UniqueIdentifier>
    </Filter>
    <Filter Include="game\behavior">
      <UniqueIdentifier>{b43055a8-bb5f-4cf4-8da9-4fd5d51806c8}</UniqueIdentifier>
    </Filter>
    <Filter Include="game\ecs">
      <UniqueIdentifier>{da3ec872-21bd-44cb-9665-5a53dcd959f7}</UniqueIdentifier>
    </Filter>
    <Filter Include="game\effect">
      <UniqueIdentifier>{0a8618d8-4809-4f75-b39d-3cdf53bc2245}</UniqueIdentifier>
    </Filter>
    <Filter Include="doc">
      <UniqueIdentifier>{e90b59af-dc41-439b-9808-1c3ef203557f}</UniqueIdentifier>
    </Filter>
    <Filter Include="game\logic">
      <UniqueIdentifier>{17b0f7f6-ce89-4b74-bd12-255589e3ee82}</UniqueIdentifier>
    </Filter>
    <Filter Include="res">
      <UniqueIdentifier>{787e5000-2501-46ab-8f90-798b1199beae}</UniqueIdentifier>
    </Filter>
    <Filter Include="res\ui">
      <UniqueIdentifier>{5c21e7c4-5064-4d2e-b972-9cd8479b4629}</UniqueIdentifier>
    </Filter>
    <Filter Include="ext">
      <UniqueIdentifier>{0460e3a4-0c86-4dd0-9674-d8f5f9a102fb}</UniqueIdentifier>
    </Filter>
    <Filter Include="ext\imgui">
      <UniqueIdentifier>{b3a1c160-d7fe-4507-adab-807adf1d1edf}</UniqueIdentifier>
    </Filter>
    <Filter Include="ext\imgui\backends">
      <UniqueIdentifier>{58ef801a-3996-4fd5-9645-c9ef6c7e319f}</UniqueIdentifier>
    </Filter>
    <Filter Include="ext\lua">
      <UniqueIdentifier>{25afdb9c-88d4-49ab-a4ce-60cb7adb3992}</UniqueIdentifier>
    </Filter>
    <Filter Include="res\lua">
      <UniqueIdentifier>{c5a7727c-0bb3-4617-8152-558dada3332e}</UniqueIdentifier>
    </Filter>
    <Filter Include="res\bev">
      <UniqueIdentifier>{8a7c2e47-f564-4d90-9daa-905ac7e0d5c3}</UniqueIdentifier>
    </Filter>
    <Filter Include="res\data">
      <UniqueIdentifier>{e9f80ea9-a10d-4317-bdcc-6f4a14454a79}</UniqueIdentifier>
    </Filter>
    <Filter Include="res\data\obj">
      <UniqueIdentifier>{23b14bbb-a202-4bf1-b7be-b77c031e2b72}</UniqueIdentifier>
    </Filter>
    <Filter Include="res\data\skill">
      <UniqueIdentifier>{ae5b2bac-7b34-4dc2-8ba9-6bf01c37ba5a}</UniqueIdentifier>
    </Filter>
  </ItemGroup>
  <ItemGroup>
    <ClCompile Include="..\src\engine\application.cpp">
      <Filter>engine</Filter>
    </ClCompile>
    <ClCompile Include="..\src\engine\audio.cpp">
      <Filter>engine</Filter>
    </ClCompile>
    <ClCompile Include="..\src\engine\audio_player.cpp">
      <Filter>engine</Filter>
    </ClCompile>
    <ClCompile Include="..\src\engine\camera.cpp">
      <Filter>engine</Filter>
    </ClCompile>
    <ClCompile Include="..\src\engine\config.cpp">
      <Filter>engine</Filter>
    </ClCompile>
    <ClCompile Include="..\src\engine\font.cpp">
      <Filter>engine</Filter>
    </ClCompile>
    <ClCompile Include="..\src\engine\misc.cpp">
      <Filter>engine</Filter>
    </ClCompile>
    <ClCompile Include="..\src\engine\plugin.cpp">
      <Filter>engine</Filter>
    </ClCompile>
    <ClCompile Include="..\src\engine\render.cpp">
      <Filter>engine</Filter>
    </ClCompile>
    <ClCompile Include="..\src\engine\resource.cpp">
      <Filter>engine</Filter>
    </ClCompile>
    <ClCompile Include="..\src\engine\scene.cpp">
      <Filter>engine</Filter>
    </ClCompile>
    <ClCompile Include="..\src\engine\text_render.cpp">
      <Filter>engine</Filter>
    </ClCompile>
    <ClCompile Include="..\src\engine\texture.cpp">
      <Filter>engine</Filter>
    </ClCompile>
    <ClCompile Include="..\src\engine\window.cpp">
      <Filter>engine</Filter>
    </ClCompile>
    <ClCompile Include="..\src\game\game_plugin.cpp">
      <Filter>game</Filter>
    </ClCompile>
    <ClCompile Include="..\src\game\scene\game_scene.cpp">
      <Filter>game\scene</Filter>
    </ClCompile>
    <ClCompile Include="..\src\imform\imform.cpp">
      <Filter>imform</Filter>
    </ClCompile>
    <ClCompile Include="..\src\imform\imform_demo.cpp">
      <Filter>imform</Filter>
    </ClCompile>
    <ClCompile Include="..\src\imform\imform_manager.cpp">
      <Filter>imform</Filter>
    </ClCompile>
    <ClCompile Include="..\src\samples\sample_plugin_astar.cpp">
      <Filter>samples</Filter>
    </ClCompile>
    <ClCompile Include="..\src\samples\sample_plugin_audio.cpp">
      <Filter>samples</Filter>
    </ClCompile>
    <ClCompile Include="..\src\samples\sample_plugin_draw.cpp">
      <Filter>samples</Filter>
    </ClCompile>
    <ClCompile Include="..\src\samples\sample_plugin_entt.cpp">
      <Filter>samples</Filter>
    </ClCompile>
    <ClCompile Include="..\src\samples\sample_plugin_manager.cpp">
      <Filter>samples</Filter>
    </ClCompile>
    <ClCompile Include="..\src\samples\sample_plugin_tilemap.cpp">
      <Filter>samples</Filter>
    </ClCompile>
    <ClCompile Include="..\src\samples\sample_plugin_tweeny.cpp">
      <Filter>samples</Filter>
    </ClCompile>
    <ClCompile Include="..\src\samples\tmxmap\tmx_layer.cpp">
      <Filter>samples\tmxmap</Filter>
    </ClCompile>
    <ClCompile Include="..\src\samples\tmxmap\tmx_map_loader.cpp">
      <Filter>samples\tmxmap</Filter>
    </ClCompile>
    <ClCompile Include="..\src\main.cpp" />
    <ClCompile Include="..\ext\imgui\imgui.cpp">
      <Filter>ext\imgui</Filter>
    </ClCompile>
    <ClCompile Include="..\ext\imgui\imgui_demo.cpp">
      <Filter>ext\imgui</Filter>
    </ClCompile>
    <ClCompile Include="..\ext\imgui\imgui_draw.cpp">
      <Filter>ext\imgui</Filter>
    </ClCompile>
    <ClCompile Include="..\ext\imgui\imgui_tables.cpp">
      <Filter>ext\imgui</Filter>
    </ClCompile>
    <ClCompile Include="..\ext\imgui\imgui_widgets.cpp">
      <Filter>ext\imgui</Filter>
    </ClCompile>
    <ClCompile Include="..\ext\imgui\backends\imgui_impl_sdl3.cpp">
      <Filter>ext\imgui\backends</Filter>
    </ClCompile>
    <ClCompile Include="..\ext\imgui\backends\imgui_impl_sdlrenderer3.cpp">
      <Filter>ext\imgui\backends</Filter>
    </ClCompile>
    <ClCompile Include="..\src\engine\event.cpp">
      <Filter>engine</Filter>
    </ClCompile>
    <ClCompile Include="..\src\ui\base_widgets.cpp">
      <Filter>gui</Filter>
    </ClCompile>
    <ClCompile Include="..\src\ui\form.cpp">
      <Filter>gui</Filter>
    </ClCompile>
    <ClCompile Include="..\src\ui\group_widgets.cpp">
      <Filter>gui</Filter>
    </ClCompile>
    <ClCompile Include="..\src\ui\gui_manager.cpp">
      <Filter>gui</Filter>
    </ClCompile>
    <ClCompile Include="..\src\ui\widget.cpp">
      <Filter>gui</Filter>
    </ClCompile>
    <ClCompile Include="..\src\ui\ui_utils.cpp">
      <Filter>gui</Filter>
    </ClCompile>
    <ClCompile Include="..\src\engine\color.cpp">
      <Filter>engine</Filter>
    </ClCompile>
    <ClCompile Include="..\src\engine\geometry.cpp">
      <Filter>engine</Filter>
    </ClCompile>
    <ClCompile Include="..\src\game\ui\form_main.cpp">
      <Filter>game\ui</Filter>
    </ClCompile>
    <ClCompile Include="..\src\game\ui\imform_debug.cpp">
      <Filter>game\ui</Filter>
    </ClCompile>
    <ClCompile Include="..\src\game\scene\game_camera.cpp">
      <Filter>game\scene</Filter>
    </ClCompile>
    <ClCompile Include="..\src\samples\sample_plugin_bevtree.cpp">
      <Filter>samples</Filter>
    </ClCompile>
    <ClCompile Include="..\src\tilemap\map_layer.cpp">
      <Filter>tilemap</Filter>
    </ClCompile>
    <ClCompile Include="..\src\tilemap\map_tilset.cpp">
      <Filter>tilemap</Filter>
    </ClCompile>
    <ClCompile Include="..\src\tilemap\tile_map.cpp">
      <Filter>tilemap</Filter>
    </ClCompile>
    <ClCompile Include="..\src\bevtree\bevtree.cpp">
      <Filter>bevtree</Filter>
    </ClCompile>
    <ClCompile Include="..\src\samples\sample_plugin_bevtree_ex.cpp">
      <Filter>samples</Filter>
    </ClCompile>
    <ClCompile Include="..\src\samples\sample_plugin_particle.cpp">
      <Filter>samples</Filter>
    </ClCompile>
    <ClCompile Include="..\src\particle\particle_effect.cpp">
      <Filter>particle</Filter>
    </ClCompile>
    <ClCompile Include="..\src\particle\particle_emitter.cpp">
      <Filter>particle</Filter>
    </ClCompile>
    <ClCompile Include="..\src\particle\particle_manager.cpp">
      <Filter>particle</Filter>
    </ClCompile>
    <ClCompile Include="..\src\particle\particle_memory.cpp">
      <Filter>particle</Filter>
    </ClCompile>
    <ClCompile Include="..\src\game\scene\game_context.cpp">
      <Filter>game\scene</Filter>
    </ClCompile>
    <ClCompile Include="..\src\game\ecs\system_bevtree.cpp">
      <Filter>game\ecs</Filter>
    </ClCompile>
    <ClCompile Include="..\src\game\ecs\system_auto_motion.cpp">
      <Filter>game\ecs</Filter>
    </ClCompile>
    <ClCompile Include="..\src\game\ecs\system_render.cpp">
      <Filter>game\ecs</Filter>
    </ClCompile>
    <ClCompile Include="..\src\game\ecs\system_skill.cpp">
      <Filter>game\ecs</Filter>
    </ClCompile>
    <ClCompile Include="..\ext\tinyxml2\tinyxml2.cpp">
      <Filter>utility</Filter>
    </ClCompile>
    <ClCompile Include="..\src\game\scene\object_factory.cpp">
      <Filter>game\scene</Filter>
    </ClCompile>
    <ClCompile Include="..\src\utility\string_util.cpp">
      <Filter>utility</Filter>
    </ClCompile>
    <ClCompile Include="..\src\engine\gfx_painter.cpp">
      <Filter>engine</Filter>
    </ClCompile>
    <ClCompile Include="..\src\engine\painter.cpp">
      <Filter>engine</Filter>
    </ClCompile>
    <ClCompile Include="..\src\game\ecs\system_pickup.cpp">
      <Filter>game\ecs</Filter>
    </ClCompile>
    <ClCompile Include="..\src\game\ecs\system_dead.cpp">
      <Filter>game\ecs</Filter>
    </ClCompile>
    <ClCompile Include="..\src\game\ecs\system_selection.cpp">
      <Filter>game\ecs</Filter>
    </ClCompile>
    <ClCompile Include="..\src\effect\effect_manager.cpp">
      <Filter>game\effect</Filter>
    </ClCompile>
    <ClCompile Include="..\src\effect\system_effect.cpp">
      <Filter>game\effect</Filter>
    </ClCompile>
    <ClCompile Include="..\src\game\ecs\system_fight.cpp">
      <Filter>game\ecs</Filter>
    </ClCompile>
    <ClCompile Include="..\src\samples\sample_plugin_ui.cpp">
      <Filter>samples</Filter>
    </ClCompile>
    <ClCompile Include="..\src\game\behavior\bev_patrol_npc.cpp">
      <Filter>game\behavior</Filter>
    </ClCompile>
    <ClCompile Include="..\src\game\game_config.cpp">
      <Filter>game</Filter>
    </ClCompile>
    <ClCompile Include="..\src\game\logic_config.cpp">
      <Filter>game</Filter>
    </ClCompile>
    <ClCompile Include="..\src\game\ecs\system_buff.cpp">
      <Filter>game\ecs</Filter>
    </ClCompile>
    <ClCompile Include="..\src\game\ecs\system_utils.cpp">
      <Filter>game\ecs</Filter>
    </ClCompile>
    <ClCompile Include="..\src\ui\game_widgets.cpp">
      <Filter>gui</Filter>
    </ClCompile>
    <ClCompile Include="..\src\engine\im_painter.cpp">
      <Filter>engine</Filter>
    </ClCompile>
    <ClCompile Include="..\src\game\logic\game_logic.cpp">
      <Filter>game\logic</Filter>
    </ClCompile>
    <ClCompile Include="..\src\game\ui\form_start.cpp">
      <Filter>game\ui</Filter>
    </ClCompile>
    <ClCompile Include="..\src\game\ui\form_loading.cpp">
      <Filter>game\ui</Filter>
    </ClCompile>
    <ClCompile Include="..\src\game\ui\form_scenes.cpp">
      <Filter>game\ui</Filter>
    </ClCompile>
    <ClCompile Include="..\src\game\ecs\system_spawner.cpp">
      <Filter>game\ecs</Filter>
    </ClCompile>
    <ClCompile Include="..\src\game\ui\form_config.cpp">
      <Filter>game\ui</Filter>
    </ClCompile>
    <ClCompile Include="..\src\game\ecs\system_numerical.cpp">
      <Filter>game\ecs</Filter>
    </ClCompile>
    <ClCompile Include="..\src\game\ecs\system_float_text.cpp">
      <Filter>game\ecs</Filter>
    </ClCompile>
    <ClCompile Include="..\src\game\ui\form_entry.cpp">
      <Filter>game\ui</Filter>
    </ClCompile>
    <ClCompile Include="..\src\game\ui\form_cards.cpp">
      <Filter>game\ui</Filter>
    </ClCompile>
    <ClCompile Include="..\src\game\scene\game_data.cpp">
      <Filter>game\scene</Filter>
    </ClCompile>
    <ClCompile Include="..\src\game\ui\form_result.cpp">
      <Filter>game\ui</Filter>
    </ClCompile>
    <ClCompile Include="..\src\game\ui\form_chess_tip.cpp">
      <Filter>game\ui</Filter>
    </ClCompile>
    <ClCompile Include="..\src\samples\sample_plugin_lua.cpp">
      <Filter>samples</Filter>
    </ClCompile>
    <ClCompile Include="..\ext\lua\src\lapi.c">
      <Filter>ext\lua</Filter>
    </ClCompile>
    <ClCompile Include="..\ext\lua\src\lauxlib.c">
      <Filter>ext\lua</Filter>
    </ClCompile>
    <ClCompile Include="..\ext\lua\src\lbaselib.c">
      <Filter>ext\lua</Filter>
    </ClCompile>
    <ClCompile Include="..\ext\lua\src\lcode.c">
      <Filter>ext\lua</Filter>
    </ClCompile>
    <ClCompile Include="..\ext\lua\src\lcorolib.c">
      <Filter>ext\lua</Filter>
    </ClCompile>
    <ClCompile Include="..\ext\lua\src\lctype.c">
      <Filter>ext\lua</Filter>
    </ClCompile>
    <ClCompile Include="..\ext\lua\src\ldblib.c">
      <Filter>ext\lua</Filter>
    </ClCompile>
    <ClCompile Include="..\ext\lua\src\ldebug.c">
      <Filter>ext\lua</Filter>
    </ClCompile>
    <ClCompile Include="..\ext\lua\src\ldo.c">
      <Filter>ext\lua</Filter>
    </ClCompile>
    <ClCompile Include="..\ext\lua\src\ldump.c">
      <Filter>ext\lua</Filter>
    </ClCompile>
    <ClCompile Include="..\ext\lua\src\lfunc.c">
      <Filter>ext\lua</Filter>
    </ClCompile>
    <ClCompile Include="..\ext\lua\src\lgc.c">
      <Filter>ext\lua</Filter>
    </ClCompile>
    <ClCompile Include="..\ext\lua\src\linit.c">
      <Filter>ext\lua</Filter>
    </ClCompile>
    <ClCompile Include="..\ext\lua\src\liolib.c">
      <Filter>ext\lua</Filter>
    </ClCompile>
    <ClCompile Include="..\ext\lua\src\llex.c">
      <Filter>ext\lua</Filter>
    </ClCompile>
    <ClCompile Include="..\ext\lua\src\lmathlib.c">
      <Filter>ext\lua</Filter>
    </ClCompile>
    <ClCompile Include="..\ext\lua\src\lmem.c">
      <Filter>ext\lua</Filter>
    </ClCompile>
    <ClCompile Include="..\ext\lua\src\loadlib.c">
      <Filter>ext\lua</Filter>
    </ClCompile>
    <ClCompile Include="..\ext\lua\src\lobject.c">
      <Filter>ext\lua</Filter>
    </ClCompile>
    <ClCompile Include="..\ext\lua\src\lopcodes.c">
      <Filter>ext\lua</Filter>
    </ClCompile>
    <ClCompile Include="..\ext\lua\src\loslib.c">
      <Filter>ext\lua</Filter>
    </ClCompile>
    <ClCompile Include="..\ext\lua\src\lparser.c">
      <Filter>ext\lua</Filter>
    </ClCompile>
    <ClCompile Include="..\ext\lua\src\lstate.c">
      <Filter>ext\lua</Filter>
    </ClCompile>
    <ClCompile Include="..\ext\lua\src\lstring.c">
      <Filter>ext\lua</Filter>
    </ClCompile>
    <ClCompile Include="..\ext\lua\src\lstrlib.c">
      <Filter>ext\lua</Filter>
    </ClCompile>
    <ClCompile Include="..\ext\lua\src\ltable.c">
      <Filter>ext\lua</Filter>
    </ClCompile>
    <ClCompile Include="..\ext\lua\src\ltablib.c">
      <Filter>ext\lua</Filter>
    </ClCompile>
    <ClCompile Include="..\ext\lua\src\ltm.c">
      <Filter>ext\lua</Filter>
    </ClCompile>
    <ClCompile Include="..\ext\lua\src\lundump.c">
      <Filter>ext\lua</Filter>
    </ClCompile>
    <ClCompile Include="..\ext\lua\src\lutf8lib.c">
      <Filter>ext\lua</Filter>
    </ClCompile>
    <ClCompile Include="..\ext\lua\src\lvm.c">
      <Filter>ext\lua</Filter>
    </ClCompile>
    <ClCompile Include="..\ext\lua\src\lzio.c">
      <Filter>ext\lua</Filter>
    </ClCompile>
    <ClCompile Include="..\src\game\game_script.cpp">
      <Filter>game</Filter>
    </ClCompile>
    <ClCompile Include="..\src\samples\sample_plugin_quadtree.cpp">
      <Filter>samples</Filter>
    </ClCompile>
    <ClCompile Include="..\src\game\ecs\system_step_motion.cpp">
      <Filter>game\ecs</Filter>
    </ClCompile>
    <ClCompile Include="..\src\game\logic\game_play_tile_battle.cpp">
      <Filter>game\logic</Filter>
    </ClCompile>
  </ItemGroup>
  <ItemGroup>
    <ClInclude Include="..\src\engine\application.h">
      <Filter>engine</Filter>
    </ClInclude>
    <ClInclude Include="..\src\engine\audio.h">
      <Filter>engine</Filter>
    </ClInclude>
    <ClInclude Include="..\src\engine\audio_player.h">
      <Filter>engine</Filter>
    </ClInclude>
    <ClInclude Include="..\src\engine\camera.h">
      <Filter>engine</Filter>
    </ClInclude>
    <ClInclude Include="..\src\engine\config.h">
      <Filter>engine</Filter>
    </ClInclude>
    <ClInclude Include="..\src\engine\font.h">
      <Filter>engine</Filter>
    </ClInclude>
    <ClInclude Include="..\src\engine\misc.h">
      <Filter>engine</Filter>
    </ClInclude>
    <ClInclude Include="..\src\engine\plugin.h">
      <Filter>engine</Filter>
    </ClInclude>
    <ClInclude Include="..\src\engine\render.h">
      <Filter>engine</Filter>
    </ClInclude>
    <ClInclude Include="..\src\engine\resource.h">
      <Filter>engine</Filter>
    </ClInclude>
    <ClInclude Include="..\src\engine\scene.h">
      <Filter>engine</Filter>
    </ClInclude>
    <ClInclude Include="..\src\engine\text_render.h">
      <Filter>engine</Filter>
    </ClInclude>
    <ClInclude Include="..\src\engine\texture.h">
      <Filter>engine</Filter>
    </ClInclude>
    <ClInclude Include="..\src\engine\window.h">
      <Filter>engine</Filter>
    </ClInclude>
    <ClInclude Include="..\src\engine\wrapper.h">
      <Filter>engine</Filter>
    </ClInclude>
    <ClInclude Include="..\src\game\game_plugin.h">
      <Filter>game</Filter>
    </ClInclude>
    <ClInclude Include="..\src\game\scene\game_scene.h">
      <Filter>game\scene</Filter>
    </ClInclude>
    <ClInclude Include="..\src\imform\imform.h">
      <Filter>imform</Filter>
    </ClInclude>
    <ClInclude Include="..\src\imform\imform_demo.h">
      <Filter>imform</Filter>
    </ClInclude>
    <ClInclude Include="..\src\imform\imform_manager.h">
      <Filter>imform</Filter>
    </ClInclude>
    <ClInclude Include="..\src\utility\dynamic_struct.h">
      <Filter>utility</Filter>
    </ClInclude>
    <ClInclude Include="..\src\utility\dynamic_var.h">
      <Filter>utility</Filter>
    </ClInclude>
    <ClInclude Include="..\src\utility\expire_cache.h">
      <Filter>utility</Filter>
    </ClInclude>
    <ClInclude Include="..\src\utility\i_singleton.h">
      <Filter>utility</Filter>
    </ClInclude>
    <ClInclude Include="..\src\utility\signalslot.h">
      <Filter>utility</Filter>
    </ClInclude>
    <ClInclude Include="..\src\utility\skip_list.h">
      <Filter>utility</Filter>
    </ClInclude>
    <ClInclude Include="..\src\utility\string_util.h">
      <Filter>utility</Filter>
    </ClInclude>
    <ClInclude Include="..\src\utility\unsort_map.h">
      <Filter>utility</Filter>
    </ClInclude>
    <ClInclude Include="..\src\samples\sample_camera.h">
      <Filter>samples</Filter>
    </ClInclude>
    <ClInclude Include="..\src\samples\sample_plugin_astar.h">
      <Filter>samples</Filter>
    </ClInclude>
    <ClInclude Include="..\src\samples\sample_plugin_audio.h">
      <Filter>samples</Filter>
    </ClInclude>
    <ClInclude Include="..\src\samples\sample_plugin_draw.h">
      <Filter>samples</Filter>
    </ClInclude>
    <ClInclude Include="..\src\samples\sample_plugin_entt.h">
      <Filter>samples</Filter>
    </ClInclude>
    <ClInclude Include="..\src\samples\sample_plugin_imgui.h">
      <Filter>samples</Filter>
    </ClInclude>
    <ClInclude Include="..\src\samples\sample_plugin_manager.h">
      <Filter>samples</Filter>
    </ClInclude>
    <ClInclude Include="..\src\samples\sample_plugin_tilemap.h">
      <Filter>samples</Filter>
    </ClInclude>
    <ClInclude Include="..\src\samples\sample_plugin_tweeny.h">
      <Filter>samples</Filter>
    </ClInclude>
    <ClInclude Include="..\src\samples\tmxmap\tmx_layer.h">
      <Filter>samples\tmxmap</Filter>
    </ClInclude>
    <ClInclude Include="..\src\samples\tmxmap\tmx_map_loader.h">
      <Filter>samples\tmxmap</Filter>
    </ClInclude>
    <ClInclude Include="..\ext\imgui\imconfig.h">
      <Filter>ext\imgui</Filter>
    </ClInclude>
    <ClInclude Include="..\ext\imgui\imgui.h">
      <Filter>ext\imgui</Filter>
    </ClInclude>
    <ClInclude Include="..\ext\imgui\imgui_internal.h">
      <Filter>ext\imgui</Filter>
    </ClInclude>
    <ClInclude Include="..\ext\imgui\imstb_rectpack.h">
      <Filter>ext\imgui</Filter>
    </ClInclude>
    <ClInclude Include="..\ext\imgui\imstb_textedit.h">
      <Filter>ext\imgui</Filter>
    </ClInclude>
    <ClInclude Include="..\ext\imgui\imstb_truetype.h">
      <Filter>ext\imgui</Filter>
    </ClInclude>
    <ClInclude Include="..\ext\imgui\backends\imgui_impl_sdl3.h">
      <Filter>ext\imgui\backends</Filter>
    </ClInclude>
    <ClInclude Include="..\ext\imgui\backends\imgui_impl_sdlrenderer3.h">
      <Filter>ext\imgui\backends</Filter>
    </ClInclude>
    <ClInclude Include="..\src\engine\event.h">
      <Filter>engine</Filter>
    </ClInclude>
    <ClInclude Include="..\src\ui\base_widgets.h">
      <Filter>gui</Filter>
    </ClInclude>
    <ClInclude Include="..\src\ui\form.h">
      <Filter>gui</Filter>
    </ClInclude>
    <ClInclude Include="..\src\ui\group_widgets.h">
      <Filter>gui</Filter>
    </ClInclude>
    <ClInclude Include="..\src\ui\gui_manager.h">
      <Filter>gui</Filter>
    </ClInclude>
    <ClInclude Include="..\src\ui\widget.h">
      <Filter>gui</Filter>
    </ClInclude>
    <ClInclude Include="..\src\ui\ui_utils.h">
      <Filter>gui</Filter>
    </ClInclude>
    <ClInclude Include="..\src\engine\color.h">
      <Filter>engine</Filter>
    </ClInclude>
    <ClInclude Include="..\src\engine\geometry.h">
      <Filter>engine</Filter>
    </ClInclude>
    <ClInclude Include="..\src\game\ui\form_main.h">
      <Filter>game\ui</Filter>
    </ClInclude>
    <ClInclude Include="..\src\game\ui\imform_debug.h">
      <Filter>game\ui</Filter>
    </ClInclude>
    <ClInclude Include="..\src\ui\ui.h">
      <Filter>gui</Filter>
    </ClInclude>
    <ClInclude Include="..\src\game\scene\game_camera.h">
      <Filter>game\scene</Filter>
    </ClInclude>
    <ClInclude Include="..\src\samples\sample_plugin_bevtree.h">
      <Filter>samples</Filter>
    </ClInclude>
    <ClInclude Include="..\src\tilemap\map_layer.h">
      <Filter>tilemap</Filter>
    </ClInclude>
    <ClInclude Include="..\src\tilemap\map_tilset.h">
      <Filter>tilemap</Filter>
    </ClInclude>
    <ClInclude Include="..\src\tilemap\map_utils.h">
      <Filter>tilemap</Filter>
    </ClInclude>
    <ClInclude Include="..\src\tilemap\tile_map.h">
      <Filter>tilemap</Filter>
    </ClInclude>
    <ClInclude Include="..\src\bevtree\bevtree.h">
      <Filter>bevtree</Filter>
    </ClInclude>
    <ClInclude Include="..\src\utility\random.h">
      <Filter>utility</Filter>
    </ClInclude>
    <ClInclude Include="..\src\samples\sample_plugin_particle.h">
      <Filter>samples</Filter>
    </ClInclude>
    <ClInclude Include="..\src\particle\particle_cfg.h">
      <Filter>particle</Filter>
    </ClInclude>
    <ClInclude Include="..\src\particle\particle_effect.h">
      <Filter>particle</Filter>
    </ClInclude>
    <ClInclude Include="..\src\particle\particle_emitter.h">
      <Filter>particle</Filter>
    </ClInclude>
    <ClInclude Include="..\src\particle\particle_header.h">
      <Filter>particle</Filter>
    </ClInclude>
    <ClInclude Include="..\src\particle\particle_manager.h">
      <Filter>particle</Filter>
    </ClInclude>
    <ClInclude Include="..\src\particle\particle_memory.h">
      <Filter>particle</Filter>
    </ClInclude>
    <ClInclude Include="..\src\game\scene\game_context.h">
      <Filter>game\scene</Filter>
    </ClInclude>
    <ClInclude Include="..\src\game\ecs\comm_comp.h">
      <Filter>game\ecs</Filter>
    </ClInclude>
    <ClInclude Include="..\src\game\ecs\comm_event.h">
      <Filter>game\ecs</Filter>
    </ClInclude>
    <ClInclude Include="..\src\game\ecs\comm_system.h">
      <Filter>game\ecs</Filter>
    </ClInclude>
    <ClInclude Include="..\src\game\ecs\system_bevtree.h">
      <Filter>game\ecs</Filter>
    </ClInclude>
    <ClInclude Include="..\src\game\ecs\system_auto_motion.h">
      <Filter>game\ecs</Filter>
    </ClInclude>
    <ClInclude Include="..\src\game\ecs\system_render.h">
      <Filter>game\ecs</Filter>
    </ClInclude>
    <ClInclude Include="..\src\game\ecs\system_skill.h">
      <Filter>game\ecs</Filter>
    </ClInclude>
    <ClInclude Include="..\ext\tinyxml2\tinyxml2.h">
      <Filter>utility</Filter>
    </ClInclude>
    <ClInclude Include="..\src\game\scene\object_factory.h">
      <Filter>game\scene</Filter>
    </ClInclude>
    <ClInclude Include="..\src\utility\translator.h">
      <Filter>utility</Filter>
    </ClInclude>
    <ClInclude Include="..\src\engine\gfx_painter.h">
      <Filter>engine</Filter>
    </ClInclude>
    <ClInclude Include="..\src\engine\painter.h">
      <Filter>engine</Filter>
    </ClInclude>
    <ClInclude Include="..\src\game\ecs\system_pickup.h">
      <Filter>game\ecs</Filter>
    </ClInclude>
    <ClInclude Include="..\src\game\ecs\system_dead.h">
      <Filter>game\ecs</Filter>
    </ClInclude>
    <ClInclude Include="..\src\game\ecs\system_selection.h">
      <Filter>game\ecs</Filter>
    </ClInclude>
    <ClInclude Include="..\src\game\ecs\comp_fight.h">
      <Filter>game\ecs</Filter>
    </ClInclude>
    <ClInclude Include="..\src\effect\comp_effect.h">
      <Filter>game\effect</Filter>
    </ClInclude>
    <ClInclude Include="..\src\effect\effect_manager.h">
      <Filter>game\effect</Filter>
    </ClInclude>
    <ClInclude Include="..\src\effect\system_effect.h">
      <Filter>game\effect</Filter>
    </ClInclude>
    <ClInclude Include="..\src\game\ecs\system_fight.h">
      <Filter>game\ecs</Filter>
    </ClInclude>
    <ClInclude Include="..\src\game\ecs\system_level.h">
      <Filter>game\ecs</Filter>
    </ClInclude>
    <ClInclude Include="..\src\samples\sample_plugin_ui.h">
      <Filter>samples</Filter>
    </ClInclude>
    <ClInclude Include="..\src\game\game_config.h">
      <Filter>game</Filter>
    </ClInclude>
    <ClInclude Include="..\src\game\logic_config.h">
      <Filter>game</Filter>
    </ClInclude>
    <ClInclude Include="..\src\game\ecs\system_utils.h">
      <Filter>game\ecs</Filter>
    </ClInclude>
    <ClInclude Include="..\src\game\ecs\system_buff.h">
      <Filter>game\ecs</Filter>
    </ClInclude>
    <ClInclude Include="..\src\game\behavior\bev_patrol_npc.h">
      <Filter>game\behavior</Filter>
    </ClInclude>
    <ClInclude Include="..\src\ui\game_widgets.h">
      <Filter>gui</Filter>
    </ClInclude>
    <ClInclude Include="..\src\engine\im_painter.h">
      <Filter>engine</Filter>
    </ClInclude>
    <ClInclude Include="..\src\game\logic\game_logic.h">
      <Filter>game\logic</Filter>
    </ClInclude>
    <ClInclude Include="..\src\game\ui\form_start.h">
      <Filter>game\ui</Filter>
    </ClInclude>
    <ClInclude Include="..\src\game\ui\form_loading.h">
      <Filter>game\ui</Filter>
    </ClInclude>
    <ClInclude Include="..\src\game\ui\form_scenes.h">
      <Filter>game\ui</Filter>
    </ClInclude>
    <ClInclude Include="..\src\game\ui\form_logic_base.h">
      <Filter>game\ui</Filter>
    </ClInclude>
    <ClInclude Include="..\src\game\ui\ui_logic_events.h">
      <Filter>game\ui</Filter>
    </ClInclude>
    <ClInclude Include="..\src\game\ecs\system_spawner.h">
      <Filter>game\ecs</Filter>
    </ClInclude>
    <ClInclude Include="..\src\game\ui\form_config.h">
      <Filter>game\ui</Filter>
    </ClInclude>
    <ClInclude Include="..\src\engine\i_painter.h">
      <Filter>engine</Filter>
    </ClInclude>
    <ClInclude Include="..\src\game\ecs\system_numerical.h">
      <Filter>game\ecs</Filter>
    </ClInclude>
    <ClInclude Include="..\src\game\ecs\system_float_text.h">
      <Filter>game\ecs</Filter>
    </ClInclude>
    <ClInclude Include="..\src\game\ui\form_entry.h">
      <Filter>game\ui</Filter>
    </ClInclude>
    <ClInclude Include="..\src\game\ui\form_cards.h">
      <Filter>game\ui</Filter>
    </ClInclude>
    <ClInclude Include="..\src\game\scene\game_data.h">
      <Filter>game\scene</Filter>
    </ClInclude>
    <ClInclude Include="..\src\game\ui\form_result.h">
      <Filter>game\ui</Filter>
    </ClInclude>
    <ClInclude Include="..\src\game\ui\form_chess_tip.h">
      <Filter>game\ui</Filter>
    </ClInclude>
    <ClInclude Include="..\src\samples\sample_plugin_lua.h">
      <Filter>samples</Filter>
    </ClInclude>
    <ClInclude Include="..\ext\lua\src\lapi.h">
      <Filter>ext\lua</Filter>
    </ClInclude>
    <ClInclude Include="..\ext\lua\src\lauxlib.h">
      <Filter>ext\lua</Filter>
    </ClInclude>
    <ClInclude Include="..\ext\lua\src\lcode.h">
      <Filter>ext\lua</Filter>
    </ClInclude>
    <ClInclude Include="..\ext\lua\src\lctype.h">
      <Filter>ext\lua</Filter>
    </ClInclude>
    <ClInclude Include="..\ext\lua\src\ldebug.h">
      <Filter>ext\lua</Filter>
    </ClInclude>
    <ClInclude Include="..\ext\lua\src\ldo.h">
      <Filter>ext\lua</Filter>
    </ClInclude>
    <ClInclude Include="..\ext\lua\src\lfunc.h">
      <Filter>ext\lua</Filter>
    </ClInclude>
    <ClInclude Include="..\ext\lua\src\lgc.h">
      <Filter>ext\lua</Filter>
    </ClInclude>
    <ClInclude Include="..\ext\lua\src\ljumptab.h">
      <Filter>ext\lua</Filter>
    </ClInclude>
    <ClInclude Include="..\ext\lua\src\llex.h">
      <Filter>ext\lua</Filter>
    </ClInclude>
    <ClInclude Include="..\ext\lua\src\llimits.h">
      <Filter>ext\lua</Filter>
    </ClInclude>
    <ClInclude Include="..\ext\lua\src\lmem.h">
      <Filter>ext\lua</Filter>
    </ClInclude>
    <ClInclude Include="..\ext\lua\src\lobject.h">
      <Filter>ext\lua</Filter>
    </ClInclude>
    <ClInclude Include="..\ext\lua\src\lopcodes.h">
      <Filter>ext\lua</Filter>
    </ClInclude>
    <ClInclude Include="..\ext\lua\src\lopnames.h">
      <Filter>ext\lua</Filter>
    </ClInclude>
    <ClInclude Include="..\ext\lua\src\lparser.h">
      <Filter>ext\lua</Filter>
    </ClInclude>
    <ClInclude Include="..\ext\lua\src\lprefix.h">
      <Filter>ext\lua</Filter>
    </ClInclude>
    <ClInclude Include="..\ext\lua\src\lstate.h">
      <Filter>ext\lua</Filter>
    </ClInclude>
    <ClInclude Include="..\ext\lua\src\lstring.h">
      <Filter>ext\lua</Filter>
    </ClInclude>
    <ClInclude Include="..\ext\lua\src\ltable.h">
      <Filter>ext\lua</Filter>
    </ClInclude>
    <ClInclude Include="..\ext\lua\src\ltm.h">
      <Filter>ext\lua</Filter>
    </ClInclude>
    <ClInclude Include="..\ext\lua\src\lua.h">
      <Filter>ext\lua</Filter>
    </ClInclude>
    <ClInclude Include="..\ext\lua\src\lua.hpp">
      <Filter>ext\lua</Filter>
    </ClInclude>
    <ClInclude Include="..\ext\lua\src\luaconf.h">
      <Filter>ext\lua</Filter>
    </ClInclude>
    <ClInclude Include="..\ext\lua\src\lualib.h">
      <Filter>ext\lua</Filter>
    </ClInclude>
    <ClInclude Include="..\ext\lua\src\lundump.h">
      <Filter>ext\lua</Filter>
    </ClInclude>
    <ClInclude Include="..\ext\lua\src\lvm.h">
      <Filter>ext\lua</Filter>
    </ClInclude>
    <ClInclude Include="..\ext\lua\src\lzio.h">
      <Filter>ext\lua</Filter>
    </ClInclude>
    <ClInclude Include="..\src\game\game_script.h">
      <Filter>game</Filter>
    </ClInclude>
    <ClInclude Include="..\src\samples\sample_plugin_quadtree.h">
      <Filter>samples</Filter>
    </ClInclude>
    <ClInclude Include="..\src\game\ecs\system_step_motion.h">
      <Filter>game\ecs</Filter>
    </ClInclude>
    <ClInclude Include="..\src\game\logic\game_play.h">
      <Filter>game\logic</Filter>
    </ClInclude>
    <ClInclude Include="..\src\game\logic\game_play_tile_battle.h">
      <Filter>game\logic</Filter>
    </ClInclude>
  </ItemGroup>
  <ItemGroup>
    <None Include="..\doc\dev_doc.md">
      <Filter>doc</Filter>
    </None>
    <None Include="..\res\lua\test.lua">
      <Filter>res\lua</Filter>
    </None>
    <None Include="..\res\lua\main.lua">
      <Filter>res\lua</Filter>
    </None>
    <None Include="..\res\data\item\item_coin.json">
      <Filter>res\data\obj</Filter>
    </None>
    <None Include="..\res\data\item\item_medicine.json">
      <Filter>res\data\obj</Filter>
    </None>
    <None Include="..\res\data\item\item_poison.json">
      <Filter>res\data\obj</Filter>
    </None>
    <None Include="..\res\data\role\npc_0.json">
      <Filter>res\data\obj</Filter>
    </None>
    <None Include="..\res\data\role\npc_1.json">
      <Filter>res\data\obj</Filter>
    </None>
    <None Include="..\res\data\role\npc_2.json">
      <Filter>res\data\obj</Filter>
    </None>
    <None Include="..\res\data\role\npc_3.json">
      <Filter>res\data\obj</Filter>
    </None>
    <None Include="..\res\data\role\npc_4.json">
      <Filter>res\data\obj</Filter>
    </None>
    <None Include="..\res\data\role\npc_5.json">
      <Filter>res\data\obj</Filter>
    </None>
    <None Include="..\res\data\role\npc_100.json">
      <Filter>res\data\obj</Filter>
    </None>
    <None Include="..\res\data\role\npc_101.json">
      <Filter>res\data\obj</Filter>
    </None>
    <None Include="..\res\data\role\npc_102.json">
      <Filter>res\data\obj</Filter>
    </None>
    <None Include="..\res\data\role\npc_103.json">
      <Filter>res\data\obj</Filter>
    </None>
    <None Include="..\res\data\role\npc_104.json">
      <Filter>res\data\obj</Filter>
    </None>
    <None Include="..\res\data\role\npc_105.json">
      <Filter>res\data\obj</Filter>
    </None>
    <None Include="..\res\data\other\spawner_0.json">
      <Filter>res\data\obj</Filter>
    </None>
    <None Include="..\res\data\other\spawner_1.json">
      <Filter>res\data\obj</Filter>
    </None>
    <None Include="..\res\data\other\spawner_2.json">
      <Filter>res\data\obj</Filter>
    </None>
    <None Include="..\res\data\other\spawner_3.json">
      <Filter>res\data\obj</Filter>
    </None>
    <None Include="..\res\data\other\spawner_4.json">
      <Filter>res\data\obj</Filter>
    </None>
    <None Include="..\res\data\other\spawner_5.json">
      <Filter>res\data\obj</Filter>
    </None>
    <None Include="..\res\data\skill\skill_archery.json">
      <Filter>res\data\skill</Filter>
    </None>
    <None Include="..\res\data\skill\skill_combat.json">
      <Filter>res\data\skill</Filter>
    </None>
    <None Include="..\res\data\skill\skill_darkness.json">
      <Filter>res\data\skill</Filter>
    </None>
    <None Include="..\res\data\skill\skill_earthquake.json">
      <Filter>res\data\skill</Filter>
    </None>
    <None Include="..\res\data\skill\skill_lightning.json">
      <Filter>res\data\skill</Filter>
    </None>
    <None Include="..\res\data\skill\skill_poison.json">
      <Filter>res\data\skill</Filter>
    </None>
    <None Include="..\res\data\skill\skill_sprint.json">
      <Filter>res\data\skill</Filter>
    </None>
    <None Include="..\res\data\skill\skill_wave.json">
      <Filter>res\data\skill</Filter>
    </None>
    <None Include="..\res\data\skill\skill_wave_cross.json">
      <Filter>res\data\skill</Filter>
    </None>
    <None Include="..\res\data\skill\skill_wave_range.json">
      <Filter>res\data\skill</Filter>
    </None>
    <None Include="..\res\system.json">
      <Filter>res</Filter>
    </None>
    <None Include="..\res\game_config.json">
      <Filter>res</Filter>
    </None>
  </ItemGroup>
  <ItemGroup>
    <Xml Include="..\res\ui\form_config.xml">
      <Filter>res\ui</Filter>
    </Xml>
    <Xml Include="..\res\ui\form_entry.xml">
      <Filter>res\ui</Filter>
    </Xml>
    <Xml Include="..\res\ui\form_loading.xml">
      <Filter>res\ui</Filter>
    </Xml>
    <Xml Include="..\res\ui\form_scenes.xml">
      <Filter>res\ui</Filter>
    </Xml>
    <Xml Include="..\res\ui\form_start.xml">
      <Filter>res\ui</Filter>
    </Xml>
    <Xml Include="..\res\ui\form_test.xml">
      <Filter>res\ui</Filter>
    </Xml>
    <Xml Include="..\res\ui\form_cards.xml">
      <Filter>res\ui</Filter>
    </Xml>
    <Xml Include="..\res\ui\form_main.xml">
      <Filter>res\ui</Filter>
    </Xml>
    <Xml Include="..\res\ui\form_result.xml">
      <Filter>res\ui</Filter>
    </Xml>
    <Xml Include="..\res\ui\form_chess_tip.xml">
      <Filter>res\ui</Filter>
    </Xml>
    <Xml Include="..\res\data\bevtree\bev_battle_royale.xml">
      <Filter>res\bev</Filter>
    </Xml>
    <Xml Include="..\res\data\bevtree\bev_common_npc.xml">
      <Filter>res\bev</Filter>
    </Xml>
  </ItemGroup>
</Project>